
Microsoft Visual Studio Solution File, Format Version 12.00
# Visual Studio Version 16
VisualStudioVersion = 16.0.29709.97
MinimumVisualStudioVersion = 10.0.40219.1
Project("{FAE04EC0-301F-11D3-BF4B-00C04F79EFBC}") = "Desafío 0201", "Desafío 0201.csproj", "{5542772B-E232-43F1-A356-5272C7C82BD9}"
EndProject
Global
	GlobalSection(SolutionConfigurationPlatforms) = preSolution
		Debug|Any CPU = Debug|Any CPU
		Release|Any CPU = Release|Any CPU
	EndGlobalSection
	GlobalSection(ProjectConfigurationPlatforms) = postSolution
		{5542772B-E232-43F1-A356-5272C7C82BD9}.Debug|Any CPU.ActiveCfg = Debug|Any CPU
		{5542772B-E232-43F1-A356-5272C7C82BD9}.Debug|Any CPU.Build.0 = Debug|Any CPU
		{5542772B-E232-43F1-A356-5272C7C82BD9}.Release|Any CPU.ActiveCfg = Release|Any CPU
		{5542772B-E232-43F1-A356-5272C7C82BD9}.Release|Any CPU.Build.0 = Release|Any CPU
	EndGlobalSection
	GlobalSection(SolutionProperties) = preSolution
		HideSolutionNode = FALSE
	EndGlobalSection
	GlobalSection(ExtensibilityGlobals) = postSolution
		SolutionGuid = {ACC440EF-DBD9-48D4-94CB-89E3437C9566}
	EndGlobalSection
EndGlobal
